
Microsoft Visual Studio Solution File, Format Version 12.00
# Visual Studio Version 16
VisualStudioVersion = 16.0.30517.126
MinimumVisualStudioVersion = 10.0.40219.1
Project("{FAE04EC0-301F-11D3-BF4B-00C04F79EFBC}") = "TrackingClient", "TrackingClient\TrackingClient.csproj", "{5D7AF5CB-CF81-45FC-AC93-09908836B387}"
EndProject
Global
	GlobalSection(SolutionConfigurationPlatforms) = preSolution
		Debug|Any CPU = Debug|Any CPU
		Release|Any CPU = Release|Any CPU
	EndGlobalSection
	GlobalSection(ProjectConfigurationPlatforms) = postSolution
		{5D7AF5CB-CF81-45FC-AC93-09908836B387}.Debug|Any CPU.ActiveCfg = Debug|Any CPU
		{5D7AF5CB-CF81-45FC-AC93-09908836B387}.Debug|Any CPU.Build.0 = Debug|Any CPU
		{5D7AF5CB-CF81-45FC-AC93-09908836B387}.Release|Any CPU.ActiveCfg = Release|Any CPU
		{5D7AF5CB-CF81-45FC-AC93-09908836B387}.Release|Any CPU.Build.0 = Release|Any CPU
	EndGlobalSection
	GlobalSection(SolutionProperties) = preSolution
		HideSolutionNode = FALSE
	EndGlobalSection
	GlobalSection(ExtensibilityGlobals) = postSolution
		SolutionGuid = {7567E62B-7D9B-4867-9413-30E2B82C24E7}
	EndGlobalSection
EndGlobal
